<Solution>
  <Folder Name="/Solution Items/" />
  <Project Path="AzureDevOpsCodeReviewer\AzureDevOpsCodeReviewer.csproj" Type="C#" />
  <Project Path="AzureDevOpsCodeReviewer.IntegrationTests\AzureDevOpsCodeReviewer.IntegrationTests.csproj" Type="C#" />
  <Properties Name="Configuration">
    <Property Name="Debug|Any CPU" />
    <Property Name="Release|Any CPU" />
  </Properties>
</Solution>
