Microsoft Visual Studio Solution File, Format Version 12.00
# Visual Studio Version 17
VisualStudioVersion = 17.5.2.0
MinimumVisualStudioVersion = 10.0.40219.1
Project("{FAE04EC0-301F-11D3-BF4B-00C04F79EFBC}") = "AzureDevOpsCodeReviewer", "AzureDevOpsCodeReviewer.csproj", "{C942222F-3169-4621-184E-416DEB4856A4}"
EndProject
Global
	GlobalSection(SolutionConfigurationPlatforms) = preSolution
		Debug|Any CPU = Debug|Any CPU
		Release|Any CPU = Release|Any CPU
	EndGlobalSection
	GlobalSection(ProjectConfigurationPlatforms) = postSolution
		{C942222F-3169-4621-184E-416DEB4856A4}.Debug|Any CPU.ActiveCfg = Debug|Any CPU
		{C942222F-3169-4621-184E-416DEB4856A4}.Debug|Any CPU.Build.0 = Debug|Any CPU
		{C942222F-3169-4621-184E-416DEB4856A4}.Release|Any CPU.ActiveCfg = Release|Any CPU
		{C942222F-3169-4621-184E-416DEB4856A4}.Release|Any CPU.Build.0 = Release|Any CPU
	EndGlobalSection
	GlobalSection(SolutionProperties) = preSolution
		HideSolutionNode = FALSE
	EndGlobalSection
	GlobalSection(ExtensibilityGlobals) = postSolution
		SolutionGuid = {0AC18A7C-509A-4E32-BAA5-F2A99F52D7A4}
	EndGlobalSection
EndGlobal
